
Microsoft Visual Studio Solution File, Format Version 12.00
# Visual Studio Version 16
VisualStudioVersion = 16.0.31911.196
MinimumVisualStudioVersion = 10.0.40219.1
Project("{9A19103F-16F7-4668-BE54-9A1E7A4F7556}") = "CurrencyConversion", "CurrencyConversion\CurrencyConversion.csproj", "{8FDE6DD2-2475-49A9-9320-CF483ABF3C1A}"
EndProject
Project("{FAE04EC0-301F-11D3-BF4B-00C04F79EFBC}") = "CurrencyConversion.Test", "CurrencyConversion.Test\CurrencyConversion.Test.csproj", "{4880BCCB-2F9F-4746-92BE-3B9B2F0D905C}"
EndProject
Global
	GlobalSection(SolutionConfigurationPlatforms) = preSolution
		Debug|Any CPU = Debug|Any CPU
		Release|Any CPU = Release|Any CPU
	EndGlobalSection
	GlobalSection(ProjectConfigurationPlatforms) = postSolution
		{8FDE6DD2-2475-49A9-9320-CF483ABF3C1A}.Debug|Any CPU.ActiveCfg = Debug|Any CPU
		{8FDE6DD2-2475-49A9-9320-CF483ABF3C1A}.Debug|Any CPU.Build.0 = Debug|Any CPU
		{8FDE6DD2-2475-49A9-9320-CF483ABF3C1A}.Release|Any CPU.ActiveCfg = Release|Any CPU
		{8FDE6DD2-2475-49A9-9320-CF483ABF3C1A}.Release|Any CPU.Build.0 = Release|Any CPU
		{4880BCCB-2F9F-4746-92BE-3B9B2F0D905C}.Debug|Any CPU.ActiveCfg = Debug|Any CPU
		{4880BCCB-2F9F-4746-92BE-3B9B2F0D905C}.Debug|Any CPU.Build.0 = Debug|Any CPU
		{4880BCCB-2F9F-4746-92BE-3B9B2F0D905C}.Release|Any CPU.ActiveCfg = Release|Any CPU
		{4880BCCB-2F9F-4746-92BE-3B9B2F0D905C}.Release|Any CPU.Build.0 = Release|Any CPU
	EndGlobalSection
	GlobalSection(SolutionProperties) = preSolution
		HideSolutionNode = FALSE
	EndGlobalSection
	GlobalSection(ExtensibilityGlobals) = postSolution
		SolutionGuid = {6ADD2804-2CBA-43A8-B5D9-F75BA657B785}
	EndGlobalSection
EndGlobal
